
Microsoft Visual Studio Solution File, Format Version 12.00
# Visual Studio Version 16
VisualStudioVersion = 16.0.31129.286
MinimumVisualStudioVersion = 10.0.40219.1
Project("{FAE04EC0-301F-11D3-BF4B-00C04F79EFBC}") = "clinica-coimbra", "clinica-coimbra.csproj", "{21E1A9C4-9111-42E2-B0D3-22D8B5ED941B}"
EndProject
Global
	GlobalSection(SolutionConfigurationPlatforms) = preSolution
		Debug|Any CPU = Debug|Any CPU
		Release|Any CPU = Release|Any CPU
	EndGlobalSection
	GlobalSection(ProjectConfigurationPlatforms) = postSolution
		{21E1A9C4-9111-42E2-B0D3-22D8B5ED941B}.Debug|Any CPU.ActiveCfg = Debug|Any CPU
		{21E1A9C4-9111-42E2-B0D3-22D8B5ED941B}.Debug|Any CPU.Build.0 = Debug|Any CPU
		{21E1A9C4-9111-42E2-B0D3-22D8B5ED941B}.Release|Any CPU.ActiveCfg = Release|Any CPU
		{21E1A9C4-9111-42E2-B0D3-22D8B5ED941B}.Release|Any CPU.Build.0 = Release|Any CPU
	EndGlobalSection
	GlobalSection(SolutionProperties) = preSolution
		HideSolutionNode = FALSE
	EndGlobalSection
	GlobalSection(ExtensibilityGlobals) = postSolution
		SolutionGuid = {85D7DF10-1590-4266-84B7-BE1E52A4DA51}
	EndGlobalSection
EndGlobal
